
Microsoft Visual Studio Solution File, Format Version 12.00
# Visual Studio Version 17
VisualStudioVersion = 17.6.33801.468
MinimumVisualStudioVersion = 10.0.40219.1
Project("{9A19103F-16F7-4668-BE54-9A1E7A4F7556}") = "Snippets", "Snippets\Snippets.csproj", "{1F32519D-78F2-446E-BA71-756866EB161F}"
EndProject
Project("{2150E333-8FDC-42A3-9474-1A3956D46DE8}") = "Solution Items", "Solution Items", "{2B7AC4A8-87EE-4E55-ABEC-232B3B9B0218}"
	ProjectSection(SolutionItems) = preProject
		.gitignore = .gitignore
	EndProjectSection
EndProject
Global
	GlobalSection(SolutionConfigurationPlatforms) = preSolution
		Debug|Any CPU = Debug|Any CPU
		Release|Any CPU = Release|Any CPU
	EndGlobalSection
	GlobalSection(ProjectConfigurationPlatforms) = postSolution
		{1F32519D-78F2-446E-BA71-756866EB161F}.Debug|Any CPU.ActiveCfg = Debug|Any CPU
		{1F32519D-78F2-446E-BA71-756866EB161F}.Debug|Any CPU.Build.0 = Debug|Any CPU
		{1F32519D-78F2-446E-BA71-756866EB161F}.Release|Any CPU.ActiveCfg = Release|Any CPU
		{1F32519D-78F2-446E-BA71-756866EB161F}.Release|Any CPU.Build.0 = Release|Any CPU
	EndGlobalSection
	GlobalSection(SolutionProperties) = preSolution
		HideSolutionNode = FALSE
	EndGlobalSection
	GlobalSection(ExtensibilityGlobals) = postSolution
		SolutionGuid = {D2CAD551-B98F-4779-B6F8-60EB6E8DBB99}
	EndGlobalSection
EndGlobal
